// !$*UTF8*$!
{
	archiveVersion = 1;
	classes = {
	};
	objectVersion = 56;
	objects = {

/* Begin PBXBuildFile section */
		27B769B12B102FC000FB0D30 /* NavManager.swift in Sources */ = {isa = PBXBuildFile; fileRef = 27B769B02B102FC000FB0D30 /* NavManager.swift */; };
		27B769B32B103E0700FB0D30 /* DetailTopBarView.swift in Sources */ = {isa = PBXBuildFile; fileRef = 27B769B22B103E0700FB0D30 /* DetailTopBarView.swift */; };
		27B769B52B10550700FB0D30 /* DateExtension.swift in Sources */ = {isa = PBXBuildFile; fileRef = 27B769B42B10550700FB0D30 /* DateExtension.swift */; };
		27B769BA2B10644C00FB0D30 /* ModelMapper.swift in Sources */ = {isa = PBXBuildFile; fileRef = 27B769B92B10644C00FB0D30 /* ModelMapper.swift */; };
		27B769BC2B107AD000FB0D30 /* HomeTopBarView.swift in Sources */ = {isa = PBXBuildFile; fileRef = 27B769BB2B107AD000FB0D30 /* HomeTopBarView.swift */; };
		27B769BE2B10884E00FB0D30 /* LogInViewModel.swift in Sources */ = {isa = PBXBuildFile; fileRef = 27B769BD2B10884E00FB0D30 /* LogInViewModel.swift */; };
		27B769C02B108A4100FB0D30 /* LogInView.swift in Sources */ = {isa = PBXBuildFile; fileRef = 27B769BF2B108A4100FB0D30 /* LogInView.swift */; };
		27B769C22B108AED00FB0D30 /* CustomTextField.swift in Sources */ = {isa = PBXBuildFile; fileRef = 27B769C12B108AED00FB0D30 /* CustomTextField.swift */; };
		27D04FA22B124D87004B5651 /* LogInUseCase.swift in Sources */ = {isa = PBXBuildFile; fileRef = 27D04FA12B124D87004B5651 /* LogInUseCase.swift */; };
		27D04FA52B1252DD004B5651 /* ClearAllMoviesUseCase.swift in Sources */ = {isa = PBXBuildFile; fileRef = 27D04FA42B1252DD004B5651 /* ClearAllMoviesUseCase.swift */; };
		27D04FA72B1258E8004B5651 /* GetMoviesUseCase.swift in Sources */ = {isa = PBXBuildFile; fileRef = 27D04FA62B1258E8004B5651 /* GetMoviesUseCase.swift */; };
		27D04FA92B125EE9004B5651 /* SaveMovieUseCase.swift in Sources */ = {isa = PBXBuildFile; fileRef = 27D04FA82B125EE9004B5651 /* SaveMovieUseCase.swift */; };
		27D04FAC2B126268004B5651 /* Dependencies.swift in Sources */ = {isa = PBXBuildFile; fileRef = 27D04FAB2B126268004B5651 /* Dependencies.swift */; };
		27D961EC2B0FC7560037BD38 /* PelisGoApp.swift in Sources */ = {isa = PBXBuildFile; fileRef = 27D961EB2B0FC7560037BD38 /* PelisGoApp.swift */; };
		27D961EE2B0FC7560037BD38 /* ContentView.swift in Sources */ = {isa = PBXBuildFile; fileRef = 27D961ED2B0FC7560037BD38 /* ContentView.swift */; };
		27D961F02B0FC7570037BD38 /* Assets.xcassets in Resources */ = {isa = PBXBuildFile; fileRef = 27D961EF2B0FC7570037BD38 /* Assets.xcassets */; };
		27D961F32B0FC7570037BD38 /* Preview Assets.xcassets in Resources */ = {isa = PBXBuildFile; fileRef = 27D961F22B0FC7570037BD38 /* Preview Assets.xcassets */; };
		27D961F52B0FC7570037BD38 /* Persistence.swift in Sources */ = {isa = PBXBuildFile; fileRef = 27D961F42B0FC7570037BD38 /* Persistence.swift */; };
		27D961F82B0FC7570037BD38 /* PelisGo.xcdatamodeld in Sources */ = {isa = PBXBuildFile; fileRef = 27D961F62B0FC7570037BD38 /* PelisGo.xcdatamodeld */; };
		27D962022B0FC7570037BD38 /* PelisGoTests.swift in Sources */ = {isa = PBXBuildFile; fileRef = 27D962012B0FC7570037BD38 /* PelisGoTests.swift */; };
		27D9620C2B0FC7570037BD38 /* PelisGoUITests.swift in Sources */ = {isa = PBXBuildFile; fileRef = 27D9620B2B0FC7570037BD38 /* PelisGoUITests.swift */; };
		27D9620E2B0FC7570037BD38 /* PelisGoUITestsLaunchTests.swift in Sources */ = {isa = PBXBuildFile; fileRef = 27D9620D2B0FC7570037BD38 /* PelisGoUITestsLaunchTests.swift */; };
		27D962202B0FDB760037BD38 /* HomeView.swift in Sources */ = {isa = PBXBuildFile; fileRef = 27D9621F2B0FDB760037BD38 /* HomeView.swift */; };
		27D962262B0FDBED0037BD38 /* MovieDetailView.swift in Sources */ = {isa = PBXBuildFile; fileRef = 27D962252B0FDBED0037BD38 /* MovieDetailView.swift */; };
		27D962282B0FDDEA0037BD38 /* MovieCardView.swift in Sources */ = {isa = PBXBuildFile; fileRef = 27D962272B0FDDEA0037BD38 /* MovieCardView.swift */; };
		27D9622C2B0FE05C0037BD38 /* CustomAsyncImageView.swift in Sources */ = {isa = PBXBuildFile; fileRef = 27D9622B2B0FE05C0037BD38 /* CustomAsyncImageView.swift */; };
		27D9622E2B0FE0D70037BD38 /* ImageProductNetworkViewModel.swift in Sources */ = {isa = PBXBuildFile; fileRef = 27D9622D2B0FE0D70037BD38 /* ImageProductNetworkViewModel.swift */; };
		27D962322B0FEF0A0037BD38 /* HomeViewModel.swift in Sources */ = {isa = PBXBuildFile; fileRef = 27D962312B0FEF0A0037BD38 /* HomeViewModel.swift */; };
		27D962342B0FEF1D0037BD38 /* DetailViewModel.swift in Sources */ = {isa = PBXBuildFile; fileRef = 27D962332B0FEF1D0037BD38 /* DetailViewModel.swift */; };
		27D962362B0FEF9D0037BD38 /* Movie.swift in Sources */ = {isa = PBXBuildFile; fileRef = 27D962352B0FEF9D0037BD38 /* Movie.swift */; };
		27D9623B2B0FF1870037BD38 /* LocalMovieManager.swift in Sources */ = {isa = PBXBuildFile; fileRef = 27D9623A2B0FF1870037BD38 /* LocalMovieManager.swift */; };
		27D9623D2B0FF1A30037BD38 /* MovieRepositoryImpl.swift in Sources */ = {isa = PBXBuildFile; fileRef = 27D9623C2B0FF1A30037BD38 /* MovieRepositoryImpl.swift */; };
		27D9623F2B0FF1B50037BD38 /* RemoteMovieManager.swift in Sources */ = {isa = PBXBuildFile; fileRef = 27D9623E2B0FF1B50037BD38 /* RemoteMovieManager.swift */; };
		27D962412B1021500037BD38 /* TrendingResults.swift in Sources */ = {isa = PBXBuildFile; fileRef = 27D962402B1021500037BD38 /* TrendingResults.swift */; };
/* End PBXBuildFile section */

/* Begin PBXContainerItemProxy section */
		27D961FE2B0FC7570037BD38 /* PBXContainerItemProxy */ = {
			isa = PBXContainerItemProxy;
			containerPortal = 27D961E02B0FC7560037BD38 /* Project object */;
			proxyType = 1;
			remoteGlobalIDString = 27D961E72B0FC7560037BD38;
			remoteInfo = PelisGo;
		};
		27D962082B0FC7570037BD38 /* PBXContainerItemProxy */ = {
			isa = PBXContainerItemProxy;
			containerPortal = 27D961E02B0FC7560037BD38 /* Project object */;
			proxyType = 1;
			remoteGlobalIDString = 27D961E72B0FC7560037BD38;
			remoteInfo = PelisGo;
		};
/* End PBXContainerItemProxy section */

/* Begin PBXFileReference section */
		27B769B02B102FC000FB0D30 /* NavManager.swift */ = {isa = PBXFileReference; lastKnownFileType = sourcecode.swift; path = NavManager.swift; sourceTree = "<group>"; };
		27B769B22B103E0700FB0D30 /* DetailTopBarView.swift */ = {isa = PBXFileReference; lastKnownFileType = sourcecode.swift; path = DetailTopBarView.swift; sourceTree = "<group>"; };
		27B769B42B10550700FB0D30 /* DateExtension.swift */ = {isa = PBXFileReference; lastKnownFileType = sourcecode.swift; path = DateExtension.swift; sourceTree = "<group>"; };
		27B769B92B10644C00FB0D30 /* ModelMapper.swift */ = {isa = PBXFileReference; lastKnownFileType = sourcecode.swift; path = ModelMapper.swift; sourceTree = "<group>"; };
		27B769BB2B107AD000FB0D30 /* HomeTopBarView.swift */ = {isa = PBXFileReference; lastKnownFileType = sourcecode.swift; path = HomeTopBarView.swift; sourceTree = "<group>"; };
		27B769BD2B10884E00FB0D30 /* LogInViewModel.swift */ = {isa = PBXFileReference; lastKnownFileType = sourcecode.swift; path = LogInViewModel.swift; sourceTree = "<group>"; };
		27B769BF2B108A4100FB0D30 /* LogInView.swift */ = {isa = PBXFileReference; lastKnownFileType = sourcecode.swift; path = LogInView.swift; sourceTree = "<group>"; };
		27B769C12B108AED00FB0D30 /* CustomTextField.swift */ = {isa = PBXFileReference; lastKnownFileType = sourcecode.swift; path = CustomTextField.swift; sourceTree = "<group>"; };
		27D04FA12B124D87004B5651 /* LogInUseCase.swift */ = {isa = PBXFileReference; lastKnownFileType = sourcecode.swift; path = LogInUseCase.swift; sourceTree = "<group>"; };
		27D04FA42B1252DD004B5651 /* ClearAllMoviesUseCase.swift */ = {isa = PBXFileReference; lastKnownFileType = sourcecode.swift; path = ClearAllMoviesUseCase.swift; sourceTree = "<group>"; };
		27D04FA62B1258E8004B5651 /* GetMoviesUseCase.swift */ = {isa = PBXFileReference; lastKnownFileType = sourcecode.swift; path = GetMoviesUseCase.swift; sourceTree = "<group>"; };
		27D04FA82B125EE9004B5651 /* SaveMovieUseCase.swift */ = {isa = PBXFileReference; lastKnownFileType = sourcecode.swift; path = SaveMovieUseCase.swift; sourceTree = "<group>"; };
		27D04FAB2B126268004B5651 /* Dependencies.swift */ = {isa = PBXFileReference; lastKnownFileType = sourcecode.swift; path = Dependencies.swift; sourceTree = "<group>"; };
		27D961E82B0FC7560037BD38 /* PelisGo.app */ = {isa = PBXFileReference; explicitFileType = wrapper.application; includeInIndex = 0; path = PelisGo.app; sourceTree = BUILT_PRODUCTS_DIR; };
		27D961EB2B0FC7560037BD38 /* PelisGoApp.swift */ = {isa = PBXFileReference; lastKnownFileType = sourcecode.swift; path = PelisGoApp.swift; sourceTree = "<group>"; };
		27D961ED2B0FC7560037BD38 /* ContentView.swift */ = {isa = PBXFileReference; lastKnownFileType = sourcecode.swift; path = ContentView.swift; sourceTree = "<group>"; };
		27D961EF2B0FC7570037BD38 /* Assets.xcassets */ = {isa = PBXFileReference; lastKnownFileType = folder.assetcatalog; path = Assets.xcassets; sourceTree = "<group>"; };
		27D961F22B0FC7570037BD38 /* Preview Assets.xcassets */ = {isa = PBXFileReference; lastKnownFileType = folder.assetcatalog; path = "Preview Assets.xcassets"; sourceTree = "<group>"; };
		27D961F42B0FC7570037BD38 /* Persistence.swift */ = {isa = PBXFileReference; lastKnownFileType = sourcecode.swift; path = Persistence.swift; sourceTree = "<group>"; };
		27D961F72B0FC7570037BD38 /* PelisGo.xcdatamodel */ = {isa = PBXFileReference; lastKnownFileType = wrapper.xcdatamodel; path = PelisGo.xcdatamodel; sourceTree = "<group>"; };
		27D961FD2B0FC7570037BD38 /* PelisGoTests.xctest */ = {isa = PBXFileReference; explicitFileType = wrapper.cfbundle; includeInIndex = 0; path = PelisGoTests.xctest; sourceTree = BUILT_PRODUCTS_DIR; };
		27D962012B0FC7570037BD38 /* PelisGoTests.swift */ = {isa = PBXFileReference; lastKnownFileType = sourcecode.swift; path = PelisGoTests.swift; sourceTree = "<group>"; };
		27D962072B0FC7570037BD38 /* PelisGoUITests.xctest */ = {isa = PBXFileReference; explicitFileType = wrapper.cfbundle; includeInIndex = 0; path = PelisGoUITests.xctest; sourceTree = BUILT_PRODUCTS_DIR; };
		27D9620B2B0FC7570037BD38 /* PelisGoUITests.swift */ = {isa = PBXFileReference; lastKnownFileType = sourcecode.swift; path = PelisGoUITests.swift; sourceTree = "<group>"; };
		27D9620D2B0FC7570037BD38 /* PelisGoUITestsLaunchTests.swift */ = {isa = PBXFileReference; lastKnownFileType = sourcecode.swift; path = PelisGoUITestsLaunchTests.swift; sourceTree = "<group>"; };
		27D9621F2B0FDB760037BD38 /* HomeView.swift */ = {isa = PBXFileReference; lastKnownFileType = sourcecode.swift; path = HomeView.swift; sourceTree = "<group>"; };
		27D962252B0FDBED0037BD38 /* MovieDetailView.swift */ = {isa = PBXFileReference; lastKnownFileType = sourcecode.swift; path = MovieDetailView.swift; sourceTree = "<group>"; };
		27D962272B0FDDEA0037BD38 /* MovieCardView.swift */ = {isa = PBXFileReference; lastKnownFileType = sourcecode.swift; path = MovieCardView.swift; sourceTree = "<group>"; };
		27D9622B2B0FE05C0037BD38 /* CustomAsyncImageView.swift */ = {isa = PBXFileReference; lastKnownFileType = sourcecode.swift; path = CustomAsyncImageView.swift; sourceTree = "<group>"; };
		27D9622D2B0FE0D70037BD38 /* ImageProductNetworkViewModel.swift */ = {isa = PBXFileReference; lastKnownFileType = sourcecode.swift; path = ImageProductNetworkViewModel.swift; sourceTree = "<group>"; };
		27D962312B0FEF0A0037BD38 /* HomeViewModel.swift */ = {isa = PBXFileReference; lastKnownFileType = sourcecode.swift; path = HomeViewModel.swift; sourceTree = "<group>"; };
		27D962332B0FEF1D0037BD38 /* DetailViewModel.swift */ = {isa = PBXFileReference; lastKnownFileType = sourcecode.swift; path = DetailViewModel.swift; sourceTree = "<group>"; };
		27D962352B0FEF9D0037BD38 /* Movie.swift */ = {isa = PBXFileReference; lastKnownFileType = sourcecode.swift; path = Movie.swift; sourceTree = "<group>"; };
		27D9623A2B0FF1870037BD38 /* LocalMovieManager.swift */ = {isa = PBXFileReference; lastKnownFileType = sourcecode.swift; path = LocalMovieManager.swift; sourceTree = "<group>"; };
		27D9623C2B0FF1A30037BD38 /* MovieRepositoryImpl.swift */ = {isa = PBXFileReference; lastKnownFileType = sourcecode.swift; path = MovieRepositoryImpl.swift; sourceTree = "<group>"; };
		27D9623E2B0FF1B50037BD38 /* RemoteMovieManager.swift */ = {isa = PBXFileReference; lastKnownFileType = sourcecode.swift; path = RemoteMovieManager.swift; sourceTree = "<group>"; };
		27D962402B1021500037BD38 /* TrendingResults.swift */ = {isa = PBXFileReference; lastKnownFileType = sourcecode.swift; path = TrendingResults.swift; sourceTree = "<group>"; };
/* End PBXFileReference section */

/* Begin PBXFrameworksBuildPhase section */
		27D961E52B0FC7560037BD38 /* Frameworks */ = {
			isa = PBXFrameworksBuildPhase;
			buildActionMask = 2147483647;
			files = (
			);
			runOnlyForDeploymentPostprocessing = 0;
		};
		27D961FA2B0FC7570037BD38 /* Frameworks */ = {
			isa = PBXFrameworksBuildPhase;
			buildActionMask = 2147483647;
			files = (
			);
			runOnlyForDeploymentPostprocessing = 0;
		};
		27D962042B0FC7570037BD38 /* Frameworks */ = {
			isa = PBXFrameworksBuildPhase;
			buildActionMask = 2147483647;
			files = (
			);
			runOnlyForDeploymentPostprocessing = 0;
		};
/* End PBXFrameworksBuildPhase section */

/* Begin PBXGroup section */
		27B769B62B10551400FB0D30 /* extensions */ = {
			isa = PBXGroup;
			children = (
				27B769B42B10550700FB0D30 /* DateExtension.swift */,
			);
			path = extensions;
			sourceTree = "<group>";
		};
		27B769B82B10643600FB0D30 /* DataMapping */ = {
			isa = PBXGroup;
			children = (
				27B769B92B10644C00FB0D30 /* ModelMapper.swift */,
			);
			path = DataMapping;
			sourceTree = "<group>";
		};
		27D04F8F2B1238EE004B5651 /* Presentation */ = {
			isa = PBXGroup;
			children = (
				27D961EB2B0FC7560037BD38 /* PelisGoApp.swift */,
				27D04F992B123B7C004B5651 /* MoviesScene */,
			);
			path = Presentation;
			sourceTree = "<group>";
		};
		27D04F902B123926004B5651 /* MoviesList */ = {
			isa = PBXGroup;
			children = (
				27D04F922B12394B004B5651 /* ViewModel */,
				27D04F912B123946004B5651 /* View */,
			);
			path = MoviesList;
			sourceTree = "<group>";
		};
		27D04F912B123946004B5651 /* View */ = {
			isa = PBXGroup;
			children = (
				27D962222B0FDB970037BD38 /* Components */,
				27D9621F2B0FDB760037BD38 /* HomeView.swift */,
			);
			path = View;
			sourceTree = "<group>";
		};
		27D04F922B12394B004B5651 /* ViewModel */ = {
			isa = PBXGroup;
			children = (
				27D962312B0FEF0A0037BD38 /* HomeViewModel.swift */,
			);
			path = ViewModel;
			sourceTree = "<group>";
		};
		27D04F932B123998004B5651 /* MoviesDetail */ = {
			isa = PBXGroup;
			children = (
				27D04F952B1239A9004B5651 /* ViewModel */,
				27D04F942B1239A1004B5651 /* View */,
			);
			path = MoviesDetail;
			sourceTree = "<group>";
		};
		27D04F942B1239A1004B5651 /* View */ = {
			isa = PBXGroup;
			children = (
				27D962242B0FDBDE0037BD38 /* Components */,
				27D962252B0FDBED0037BD38 /* MovieDetailView.swift */,
			);
			path = View;
			sourceTree = "<group>";
		};
		27D04F952B1239A9004B5651 /* ViewModel */ = {
			isa = PBXGroup;
			children = (
				27D962332B0FEF1D0037BD38 /* DetailViewModel.swift */,
			);
			path = ViewModel;
			sourceTree = "<group>";
		};
		27D04F972B123A41004B5651 /* ViewModel */ = {
			isa = PBXGroup;
			children = (
				27B769BD2B10884E00FB0D30 /* LogInViewModel.swift */,
			);
			path = ViewModel;
			sourceTree = "<group>";
		};
		27D04F982B123A49004B5651 /* View */ = {
			isa = PBXGroup;
			children = (
				27B769BF2B108A4100FB0D30 /* LogInView.swift */,
			);
			path = View;
			sourceTree = "<group>";
		};
		27D04F992B123B7C004B5651 /* MoviesScene */ = {
			isa = PBXGroup;
			children = (
				27D961ED2B0FC7560037BD38 /* ContentView.swift */,
				27D962292B0FDDFC0037BD38 /* SessionView */,
				27D04F902B123926004B5651 /* MoviesList */,
				27D04F932B123998004B5651 /* MoviesDetail */,
				27D9622A2B0FDE510037BD38 /* Resources */,
			);
			path = MoviesScene;
			sourceTree = "<group>";
		};
		27D04F9A2B123BB3004B5651 /* Domain */ = {
			isa = PBXGroup;
			children = (
				27D04F9B2B123BBE004B5651 /* Entities */,
				27D04F9C2B123BC6004B5651 /* UseCases */,
				27D04F9D2B123BD8004B5651 /* Interfaces */,
			);
			path = Domain;
			sourceTree = "<group>";
		};
		27D04F9B2B123BBE004B5651 /* Entities */ = {
			isa = PBXGroup;
			children = (
				27D962352B0FEF9D0037BD38 /* Movie.swift */,
				27D962402B1021500037BD38 /* TrendingResults.swift */,
			);
			path = Entities;
			sourceTree = "<group>";
		};
		27D04F9C2B123BC6004B5651 /* UseCases */ = {
			isa = PBXGroup;
			children = (
				27D04FA12B124D87004B5651 /* LogInUseCase.swift */,
				27D04FA42B1252DD004B5651 /* ClearAllMoviesUseCase.swift */,
				27D04FA62B1258E8004B5651 /* GetMoviesUseCase.swift */,
				27D04FA82B125EE9004B5651 /* SaveMovieUseCase.swift */,
			);
			path = UseCases;
			sourceTree = "<group>";
		};
		27D04F9D2B123BD8004B5651 /* Interfaces */ = {
			isa = PBXGroup;
			children = (
				27D04F9E2B123BE7004B5651 /* Repositories */,
			);
			path = Interfaces;
			sourceTree = "<group>";
		};
		27D04F9E2B123BE7004B5651 /* Repositories */ = {
			isa = PBXGroup;
			children = (
			);
			path = Repositories;
			sourceTree = "<group>";
		};
		27D04F9F2B123F18004B5651 /* PersistentSorage */ = {
			isa = PBXGroup;
			children = (
				27B769B82B10643600FB0D30 /* DataMapping */,
				27D962392B0FF1370037BD38 /* MoviesStorage */,
				27D9621B2B0FCB140037BD38 /* CoreDataPersistenceManager */,
			);
			path = PersistentSorage;
			sourceTree = "<group>";
		};
		27D04FA02B124083004B5651 /* Resources */ = {
			isa = PBXGroup;
			children = (
				27D961EF2B0FC7570037BD38 /* Assets.xcassets */,
			);
			path = Resources;
			sourceTree = "<group>";
		};
		27D04FAA2B126251004B5651 /* DI */ = {
			isa = PBXGroup;
			children = (
				27D04FAB2B126268004B5651 /* Dependencies.swift */,
			);
			path = DI;
			sourceTree = "<group>";
		};
		27D961DF2B0FC7560037BD38 = {
			isa = PBXGroup;
			children = (
				27D961EA2B0FC7560037BD38 /* PelisGo */,
				27D962002B0FC7570037BD38 /* PelisGoTests */,
				27D9620A2B0FC7570037BD38 /* PelisGoUITests */,
				27D961E92B0FC7560037BD38 /* Products */,
			);
			sourceTree = "<group>";
		};
		27D961E92B0FC7560037BD38 /* Products */ = {
			isa = PBXGroup;
			children = (
				27D961E82B0FC7560037BD38 /* PelisGo.app */,
				27D961FD2B0FC7570037BD38 /* PelisGoTests.xctest */,
				27D962072B0FC7570037BD38 /* PelisGoUITests.xctest */,
			);
			name = Products;
			sourceTree = "<group>";
		};
		27D961EA2B0FC7560037BD38 /* PelisGo */ = {
			isa = PBXGroup;
			children = (
				27D04FAA2B126251004B5651 /* DI */,
				27D9621A2B0FCB0C0037BD38 /* Data */,
				27D04F9A2B123BB3004B5651 /* Domain */,
				27D04F8F2B1238EE004B5651 /* Presentation */,
				27D04FA02B124083004B5651 /* Resources */,
				27D961F12B0FC7570037BD38 /* Preview Content */,
			);
			path = PelisGo;
			sourceTree = "<group>";
		};
		27D961F12B0FC7570037BD38 /* Preview Content */ = {
			isa = PBXGroup;
			children = (
				27D961F22B0FC7570037BD38 /* Preview Assets.xcassets */,
			);
			path = "Preview Content";
			sourceTree = "<group>";
		};
		27D962002B0FC7570037BD38 /* PelisGoTests */ = {
			isa = PBXGroup;
			children = (
				27D962012B0FC7570037BD38 /* PelisGoTests.swift */,
			);
			path = PelisGoTests;
			sourceTree = "<group>";
		};
		27D9620A2B0FC7570037BD38 /* PelisGoUITests */ = {
			isa = PBXGroup;
			children = (
				27D9620B2B0FC7570037BD38 /* PelisGoUITests.swift */,
				27D9620D2B0FC7570037BD38 /* PelisGoUITestsLaunchTests.swift */,
			);
			path = PelisGoUITests;
			sourceTree = "<group>";
		};
		27D9621A2B0FCB0C0037BD38 /* Data */ = {
			isa = PBXGroup;
			children = (
				27D962372B0FF1230037BD38 /* Repositories */,
				27D04F9F2B123F18004B5651 /* PersistentSorage */,
				27D962382B0FF1300037BD38 /* Network */,
				27B769B62B10551400FB0D30 /* extensions */,
			);
			path = Data;
			sourceTree = "<group>";
		};
		27D9621B2B0FCB140037BD38 /* CoreDataPersistenceManager */ = {
			isa = PBXGroup;
			children = (
				27D961F42B0FC7570037BD38 /* Persistence.swift */,
				27D961F62B0FC7570037BD38 /* PelisGo.xcdatamodeld */,
			);
			path = CoreDataPersistenceManager;
			sourceTree = "<group>";
		};
		27D962222B0FDB970037BD38 /* Components */ = {
			isa = PBXGroup;
			children = (
				27D962272B0FDDEA0037BD38 /* MovieCardView.swift */,
				27B769BB2B107AD000FB0D30 /* HomeTopBarView.swift */,
			);
			path = Components;
			sourceTree = "<group>";
		};
		27D962242B0FDBDE0037BD38 /* Components */ = {
			isa = PBXGroup;
			children = (
				27B769B22B103E0700FB0D30 /* DetailTopBarView.swift */,
			);
			path = Components;
			sourceTree = "<group>";
		};
		27D962292B0FDDFC0037BD38 /* SessionView */ = {
			isa = PBXGroup;
			children = (
				27D04F972B123A41004B5651 /* ViewModel */,
				27D04F982B123A49004B5651 /* View */,
			);
			path = SessionView;
			sourceTree = "<group>";
		};
		27D9622A2B0FDE510037BD38 /* Resources */ = {
			isa = PBXGroup;
			children = (
				27D9622D2B0FE0D70037BD38 /* ImageProductNetworkViewModel.swift */,
				27B769B02B102FC000FB0D30 /* NavManager.swift */,
				27D9622B2B0FE05C0037BD38 /* CustomAsyncImageView.swift */,
				27B769C12B108AED00FB0D30 /* CustomTextField.swift */,
			);
			path = Resources;
			sourceTree = "<group>";
		};
		27D962372B0FF1230037BD38 /* Repositories */ = {
			isa = PBXGroup;
			children = (
				27D9623C2B0FF1A30037BD38 /* MovieRepositoryImpl.swift */,
			);
			path = Repositories;
			sourceTree = "<group>";
		};
		27D962382B0FF1300037BD38 /* Network */ = {
			isa = PBXGroup;
			children = (
				27D9623E2B0FF1B50037BD38 /* RemoteMovieManager.swift */,
			);
			path = Network;
			sourceTree = "<group>";
		};
		27D962392B0FF1370037BD38 /* MoviesStorage */ = {
			isa = PBXGroup;
			children = (
				27D9623A2B0FF1870037BD38 /* LocalMovieManager.swift */,
			);
			path = MoviesStorage;
			sourceTree = "<group>";
		};
/* End PBXGroup section */

/* Begin PBXNativeTarget section */
		27D961E72B0FC7560037BD38 /* PelisGo */ = {
			isa = PBXNativeTarget;
			buildConfigurationList = 27D962112B0FC7570037BD38 /* Build configuration list for PBXNativeTarget "PelisGo" */;
			buildPhases = (
				27D961E42B0FC7560037BD38 /* Sources */,
				27D961E52B0FC7560037BD38 /* Frameworks */,
				27D961E62B0FC7560037BD38 /* Resources */,
			);
			buildRules = (
			);
			dependencies = (
			);
			name = PelisGo;
			productName = PelisGo;
			productReference = 27D961E82B0FC7560037BD38 /* PelisGo.app */;
			productType = "com.apple.product-type.application";
		};
		27D961FC2B0FC7570037BD38 /* PelisGoTests */ = {
			isa = PBXNativeTarget;
			buildConfigurationList = 27D962142B0FC7570037BD38 /* Build configuration list for PBXNativeTarget "PelisGoTests" */;
			buildPhases = (
				27D961F92B0FC7570037BD38 /* Sources */,
				27D961FA2B0FC7570037BD38 /* Frameworks */,
				27D961FB2B0FC7570037BD38 /* Resources */,
			);
			buildRules = (
			);
			dependencies = (
				27D961FF2B0FC7570037BD38 /* PBXTargetDependency */,
			);
			name = PelisGoTests;
			productName = PelisGoTests;
			productReference = 27D961FD2B0FC7570037BD38 /* PelisGoTests.xctest */;
			productType = "com.apple.product-type.bundle.unit-test";
		};
		27D962062B0FC7570037BD38 /* PelisGoUITests */ = {
			isa = PBXNativeTarget;
			buildConfigurationList = 27D962172B0FC7570037BD38 /* Build configuration list for PBXNativeTarget "PelisGoUITests" */;
			buildPhases = (
				27D962032B0FC7570037BD38 /* Sources */,
				27D962042B0FC7570037BD38 /* Frameworks */,
				27D962052B0FC7570037BD38 /* Resources */,
			);
			buildRules = (
			);
			dependencies = (
				27D962092B0FC7570037BD38 /* PBXTargetDependency */,
			);
			name = PelisGoUITests;
			productName = PelisGoUITests;
			productReference = 27D962072B0FC7570037BD38 /* PelisGoUITests.xctest */;
			productType = "com.apple.product-type.bundle.ui-testing";
		};
/* End PBXNativeTarget section */

/* Begin PBXProject section */
		27D961E02B0FC7560037BD38 /* Project object */ = {
			isa = PBXProject;
			attributes = {
				BuildIndependentTargetsInParallel = 1;
				LastSwiftUpdateCheck = 1500;
				LastUpgradeCheck = 1500;
				TargetAttributes = {
					27D961E72B0FC7560037BD38 = {
						CreatedOnToolsVersion = 15.0.1;
					};
					27D961FC2B0FC7570037BD38 = {
						CreatedOnToolsVersion = 15.0.1;
						TestTargetID = 27D961E72B0FC7560037BD38;
					};
					27D962062B0FC7570037BD38 = {
						CreatedOnToolsVersion = 15.0.1;
						TestTargetID = 27D961E72B0FC7560037BD38;
					};
				};
			};
			buildConfigurationList = 27D961E32B0FC7560037BD38 /* Build configuration list for PBXProject "PelisGo" */;
			compatibilityVersion = "Xcode 14.0";
			developmentRegion = en;
			hasScannedForEncodings = 0;
			knownRegions = (
				en,
				Base,
			);
			mainGroup = 27D961DF2B0FC7560037BD38;
			productRefGroup = 27D961E92B0FC7560037BD38 /* Products */;
			projectDirPath = "";
			projectRoot = "";
			targets = (
				27D961E72B0FC7560037BD38 /* PelisGo */,
				27D961FC2B0FC7570037BD38 /* PelisGoTests */,
				27D962062B0FC7570037BD38 /* PelisGoUITests */,
			);
		};
/* End PBXProject section */

/* Begin PBXResourcesBuildPhase section */
		27D961E62B0FC7560037BD38 /* Resources */ = {
			isa = PBXResourcesBuildPhase;
			buildActionMask = 2147483647;
			files = (
				27D961F32B0FC7570037BD38 /* Preview Assets.xcassets in Resources */,
				27D961F02B0FC7570037BD38 /* Assets.xcassets in Resources */,
			);
			runOnlyForDeploymentPostprocessing = 0;
		};
		27D961FB2B0FC7570037BD38 /* Resources */ = {
			isa = PBXResourcesBuildPhase;
			buildActionMask = 2147483647;
			files = (
			);
			runOnlyForDeploymentPostprocessing = 0;
		};
		27D962052B0FC7570037BD38 /* Resources */ = {
			isa = PBXResourcesBuildPhase;
			buildActionMask = 2147483647;
			files = (
			);
			runOnlyForDeploymentPostprocessing = 0;
		};
/* End PBXResourcesBuildPhase section */

/* Begin PBXSourcesBuildPhase section */
		27D961E42B0FC7560037BD38 /* Sources */ = {
			isa = PBXSourcesBuildPhase;
			buildActionMask = 2147483647;
			files = (
				27D962262B0FDBED0037BD38 /* MovieDetailView.swift in Sources */,
				27D04FAC2B126268004B5651 /* Dependencies.swift in Sources */,
				27B769B52B10550700FB0D30 /* DateExtension.swift in Sources */,
				27D9623D2B0FF1A30037BD38 /* MovieRepositoryImpl.swift in Sources */,
				27D962202B0FDB760037BD38 /* HomeView.swift in Sources */,
				27D9623B2B0FF1870037BD38 /* LocalMovieManager.swift in Sources */,
				27D961F52B0FC7570037BD38 /* Persistence.swift in Sources */,
				27D04FA52B1252DD004B5651 /* ClearAllMoviesUseCase.swift in Sources */,
				27B769C02B108A4100FB0D30 /* LogInView.swift in Sources */,
				27D04FA72B1258E8004B5651 /* GetMoviesUseCase.swift in Sources */,
				27D961EE2B0FC7560037BD38 /* ContentView.swift in Sources */,
				27B769BA2B10644C00FB0D30 /* ModelMapper.swift in Sources */,
				27B769C22B108AED00FB0D30 /* CustomTextField.swift in Sources */,
				27D9622C2B0FE05C0037BD38 /* CustomAsyncImageView.swift in Sources */,
				27D961EC2B0FC7560037BD38 /* PelisGoApp.swift in Sources */,
				27D9622E2B0FE0D70037BD38 /* ImageProductNetworkViewModel.swift in Sources */,
				27D04FA22B124D87004B5651 /* LogInUseCase.swift in Sources */,
				27D9623F2B0FF1B50037BD38 /* RemoteMovieManager.swift in Sources */,
				27D04FA92B125EE9004B5651 /* SaveMovieUseCase.swift in Sources */,
				27B769B12B102FC000FB0D30 /* NavManager.swift in Sources */,
				27B769BE2B10884E00FB0D30 /* LogInViewModel.swift in Sources */,
				27D962362B0FEF9D0037BD38 /* Movie.swift in Sources */,
				27D962412B1021500037BD38 /* TrendingResults.swift in Sources */,
				27D962342B0FEF1D0037BD38 /* DetailViewModel.swift in Sources */,
				27D962322B0FEF0A0037BD38 /* HomeViewModel.swift in Sources */,
				27B769B32B103E0700FB0D30 /* DetailTopBarView.swift in Sources */,
				27D962282B0FDDEA0037BD38 /* MovieCardView.swift in Sources */,
				27D961F82B0FC7570037BD38 /* PelisGo.xcdatamodeld in Sources */,
				27B769BC2B107AD000FB0D30 /* HomeTopBarView.swift in Sources */,
			);
			runOnlyForDeploymentPostprocessing = 0;
		};
		27D961F92B0FC7570037BD38 /* Sources */ = {
			isa = PBXSourcesBuildPhase;
			buildActionMask = 2147483647;
			files = (
				27D962022B0FC7570037BD38 /* PelisGoTests.swift in Sources */,
			);
			runOnlyForDeploymentPostprocessing = 0;
		};
		27D962032B0FC7570037BD38 /* Sources */ = {
			isa = PBXSourcesBuildPhase;
			buildActionMask = 2147483647;
			files = (
				27D9620E2B0FC7570037BD38 /* PelisGoUITestsLaunchTests.swift in Sources */,
				27D9620C2B0FC7570037BD38 /* PelisGoUITests.swift in Sources */,
			);
			runOnlyForDeploymentPostprocessing = 0;
		};
/* End PBXSourcesBuildPhase section */

/* Begin PBXTargetDependency section */
		27D961FF2B0FC7570037BD38 /* PBXTargetDependency */ = {
			isa = PBXTargetDependency;
			target = 27D961E72B0FC7560037BD38 /* PelisGo */;
			targetProxy = 27D961FE2B0FC7570037BD38 /* PBXContainerItemProxy */;
		};
		27D962092B0FC7570037BD38 /* PBXTargetDependency */ = {
			isa = PBXTargetDependency;
			target = 27D961E72B0FC7560037BD38 /* PelisGo */;
			targetProxy = 27D962082B0FC7570037BD38 /* PBXContainerItemProxy */;
		};
/* End PBXTargetDependency section */

/* Begin XCBuildConfiguration section */
		27D9620F2B0FC7570037BD38 /* Debug */ = {
			isa = XCBuildConfiguration;
			buildSettings = {
				ALWAYS_SEARCH_USER_PATHS = NO;
				ASSETCATALOG_COMPILER_GENERATE_SWIFT_ASSET_SYMBOL_EXTENSIONS = YES;
				CLANG_ANALYZER_NONNULL = YES;
				CLANG_ANALYZER_NUMBER_OBJECT_CONVERSION = YES_AGGRESSIVE;
				CLANG_CXX_LANGUAGE_STANDARD = "gnu++20";
				CLANG_ENABLE_MODULES = YES;
				CLANG_ENABLE_OBJC_ARC = YES;
				CLANG_ENABLE_OBJC_WEAK = YES;
				CLANG_WARN_BLOCK_CAPTURE_AUTORELEASING = YES;
				CLANG_WARN_BOOL_CONVERSION = YES;
				CLANG_WARN_COMMA = YES;
				CLANG_WARN_CONSTANT_CONVERSION = YES;
				CLANG_WARN_DEPRECATED_OBJC_IMPLEMENTATIONS = YES;
				CLANG_WARN_DIRECT_OBJC_ISA_USAGE = YES_ERROR;
				CLANG_WARN_DOCUMENTATION_COMMENTS = YES;
				CLANG_WARN_EMPTY_BODY = YES;
				CLANG_WARN_ENUM_CONVERSION = YES;
				CLANG_WARN_INFINITE_RECURSION = YES;
				CLANG_WARN_INT_CONVERSION = YES;
				CLANG_WARN_NON_LITERAL_NULL_CONVERSION = YES;
				CLANG_WARN_OBJC_IMPLICIT_RETAIN_SELF = YES;
				CLANG_WARN_OBJC_LITERAL_CONVERSION = YES;
				CLANG_WARN_OBJC_ROOT_CLASS = YES_ERROR;
				CLANG_WARN_QUOTED_INCLUDE_IN_FRAMEWORK_HEADER = YES;
				CLANG_WARN_RANGE_LOOP_ANALYSIS = YES;
				CLANG_WARN_STRICT_PROTOTYPES = YES;
				CLANG_WARN_SUSPICIOUS_MOVE = YES;
				CLANG_WARN_UNGUARDED_AVAILABILITY = YES_AGGRESSIVE;
				CLANG_WARN_UNREACHABLE_CODE = YES;
				CLANG_WARN__DUPLICATE_METHOD_MATCH = YES;
				COPY_PHASE_STRIP = NO;
				DEBUG_INFORMATION_FORMAT = dwarf;
				ENABLE_STRICT_OBJC_MSGSEND = YES;
				ENABLE_TESTABILITY = YES;
				ENABLE_USER_SCRIPT_SANDBOXING = YES;
				GCC_C_LANGUAGE_STANDARD = gnu17;
				GCC_DYNAMIC_NO_PIC = NO;
				GCC_NO_COMMON_BLOCKS = YES;
				GCC_OPTIMIZATION_LEVEL = 0;
				GCC_PREPROCESSOR_DEFINITIONS = (
					"DEBUG=1",
					"$(inherited)",
				);
				GCC_WARN_64_TO_32_BIT_CONVERSION = YES;
				GCC_WARN_ABOUT_RETURN_TYPE = YES_ERROR;
				GCC_WARN_UNDECLARED_SELECTOR = YES;
				GCC_WARN_UNINITIALIZED_AUTOS = YES_AGGRESSIVE;
				GCC_WARN_UNUSED_FUNCTION = YES;
				GCC_WARN_UNUSED_VARIABLE = YES;
				IPHONEOS_DEPLOYMENT_TARGET = 17.0;
				LOCALIZATION_PREFERS_STRING_CATALOGS = YES;
				MTL_ENABLE_DEBUG_INFO = INCLUDE_SOURCE;
				MTL_FAST_MATH = YES;
				ONLY_ACTIVE_ARCH = YES;
				SDKROOT = iphoneos;
				SWIFT_ACTIVE_COMPILATION_CONDITIONS = "DEBUG $(inherited)";
				SWIFT_OPTIMIZATION_LEVEL = "-Onone";
			};
			name = Debug;
		};
		27D962102B0FC7570037BD38 /* Release */ = {
			isa = XCBuildConfiguration;
			buildSettings = {
				ALWAYS_SEARCH_USER_PATHS = NO;
				ASSETCATALOG_COMPILER_GENERATE_SWIFT_ASSET_SYMBOL_EXTENSIONS = YES;
				CLANG_ANALYZER_NONNULL = YES;
				CLANG_ANALYZER_NUMBER_OBJECT_CONVERSION = YES_AGGRESSIVE;
				CLANG_CXX_LANGUAGE_STANDARD = "gnu++20";
				CLANG_ENABLE_MODULES = YES;
				CLANG_ENABLE_OBJC_ARC = YES;
				CLANG_ENABLE_OBJC_WEAK = YES;
				CLANG_WARN_BLOCK_CAPTURE_AUTORELEASING = YES;
				CLANG_WARN_BOOL_CONVERSION = YES;
				CLANG_WARN_COMMA = YES;
				CLANG_WARN_CONSTANT_CONVERSION = YES;
				CLANG_WARN_DEPRECATED_OBJC_IMPLEMENTATIONS = YES;
				CLANG_WARN_DIRECT_OBJC_ISA_USAGE = YES_ERROR;
				CLANG_WARN_DOCUMENTATION_COMMENTS = YES;
				CLANG_WARN_EMPTY_BODY = YES;
				CLANG_WARN_ENUM_CONVERSION = YES;
				CLANG_WARN_INFINITE_RECURSION = YES;
				CLANG_WARN_INT_CONVERSION = YES;
				CLANG_WARN_NON_LITERAL_NULL_CONVERSION = YES;
				CLANG_WARN_OBJC_IMPLICIT_RETAIN_SELF = YES;
				CLANG_WARN_OBJC_LITERAL_CONVERSION = YES;
				CLANG_WARN_OBJC_ROOT_CLASS = YES_ERROR;
				CLANG_WARN_QUOTED_INCLUDE_IN_FRAMEWORK_HEADER = YES;
				CLANG_WARN_RANGE_LOOP_ANALYSIS = YES;
				CLANG_WARN_STRICT_PROTOTYPES = YES;
				CLANG_WARN_SUSPICIOUS_MOVE = YES;
				CLANG_WARN_UNGUARDED_AVAILABILITY = YES_AGGRESSIVE;
				CLANG_WARN_UNREACHABLE_CODE = YES;
				CLANG_WARN__DUPLICATE_METHOD_MATCH = YES;
				COPY_PHASE_STRIP = NO;
				DEBUG_INFORMATION_FORMAT = "dwarf-with-dsym";
				ENABLE_NS_ASSERTIONS = NO;
				ENABLE_STRICT_OBJC_MSGSEND = YES;
				ENABLE_USER_SCRIPT_SANDBOXING = YES;
				GCC_C_LANGUAGE_STANDARD = gnu17;
				GCC_NO_COMMON_BLOCKS = YES;
				GCC_WARN_64_TO_32_BIT_CONVERSION = YES;
				GCC_WARN_ABOUT_RETURN_TYPE = YES_ERROR;
				GCC_WARN_UNDECLARED_SELECTOR = YES;
				GCC_WARN_UNINITIALIZED_AUTOS = YES_AGGRESSIVE;
				GCC_WARN_UNUSED_FUNCTION = YES;
				GCC_WARN_UNUSED_VARIABLE = YES;
				IPHONEOS_DEPLOYMENT_TARGET = 17.0;
				LOCALIZATION_PREFERS_STRING_CATALOGS = YES;
				MTL_ENABLE_DEBUG_INFO = NO;
				MTL_FAST_MATH = YES;
				SDKROOT = iphoneos;
				SWIFT_COMPILATION_MODE = wholemodule;
				VALIDATE_PRODUCT = YES;
			};
			name = Release;
		};
		27D962122B0FC7570037BD38 /* Debug */ = {
			isa = XCBuildConfiguration;
			buildSettings = {
				ASSETCATALOG_COMPILER_APPICON_NAME = AppIcon;
				ASSETCATALOG_COMPILER_GLOBAL_ACCENT_COLOR_NAME = AccentColor;
				CODE_SIGN_STYLE = Automatic;
				CURRENT_PROJECT_VERSION = 1;
				DEVELOPMENT_ASSET_PATHS = "\"PelisGo/Preview Content\"";
				DEVELOPMENT_TEAM = 9TAXVQDQJU;
				ENABLE_PREVIEWS = YES;
				GENERATE_INFOPLIST_FILE = YES;
				INFOPLIST_KEY_UIApplicationSceneManifest_Generation = YES;
				INFOPLIST_KEY_UIApplicationSupportsIndirectInputEvents = YES;
				INFOPLIST_KEY_UILaunchScreen_Generation = YES;
				INFOPLIST_KEY_UISupportedInterfaceOrientations_iPad = "UIInterfaceOrientationPortrait UIInterfaceOrientationPortraitUpsideDown UIInterfaceOrientationLandscapeLeft UIInterfaceOrientationLandscapeRight";
				INFOPLIST_KEY_UISupportedInterfaceOrientations_iPhone = "UIInterfaceOrientationPortrait UIInterfaceOrientationLandscapeLeft UIInterfaceOrientationLandscapeRight";
				IPHONEOS_DEPLOYMENT_TARGET = 16.0;
				LD_RUNPATH_SEARCH_PATHS = (
					"$(inherited)",
					"@executable_path/Frameworks",
				);
				MARKETING_VERSION = 1.0;
				PRODUCT_BUNDLE_IDENTIFIER = MrProFox.PelisGo;
				PRODUCT_NAME = "$(TARGET_NAME)";
				SWIFT_EMIT_LOC_STRINGS = YES;
				SWIFT_VERSION = 5.0;
				TARGETED_DEVICE_FAMILY = "1,2";
			};
			name = Debug;
		};
		27D962132B0FC7570037BD38 /* Release */ = {
			isa = XCBuildConfiguration;
			buildSettings = {
				ASSETCATALOG_COMPILER_APPICON_NAME = AppIcon;
				ASSETCATALOG_COMPILER_GLOBAL_ACCENT_COLOR_NAME = AccentColor;
				CODE_SIGN_STYLE = Automatic;
				CURRENT_PROJECT_VERSION = 1;
				DEVELOPMENT_ASSET_PATHS = "\"PelisGo/Preview Content\"";
				DEVELOPMENT_TEAM = 9TAXVQDQJU;
				ENABLE_PREVIEWS = YES;
				GENERATE_INFOPLIST_FILE = YES;
				INFOPLIST_KEY_UIApplicationSceneManifest_Generation = YES;
				INFOPLIST_KEY_UIApplicationSupportsIndirectInputEvents = YES;
				INFOPLIST_KEY_UILaunchScreen_Generation = YES;
				INFOPLIST_KEY_UISupportedInterfaceOrientations_iPad = "UIInterfaceOrientationPortrait UIInterfaceOrientationPortraitUpsideDown UIInterfaceOrientationLandscapeLeft UIInterfaceOrientationLandscapeRight";
				INFOPLIST_KEY_UISupportedInterfaceOrientations_iPhone = "UIInterfaceOrientationPortrait UIInterfaceOrientationLandscapeLeft UIInterfaceOrientationLandscapeRight";
				IPHONEOS_DEPLOYMENT_TARGET = 16.0;
				LD_RUNPATH_SEARCH_PATHS = (
					"$(inherited)",
					"@executable_path/Frameworks",
				);
				MARKETING_VERSION = 1.0;
				PRODUCT_BUNDLE_IDENTIFIER = MrProFox.PelisGo;
				PRODUCT_NAME = "$(TARGET_NAME)";
				SWIFT_EMIT_LOC_STRINGS = YES;
				SWIFT_VERSION = 5.0;
				TARGETED_DEVICE_FAMILY = "1,2";
			};
			name = Release;
		};
		27D962152B0FC7570037BD38 /* Debug */ = {
			isa = XCBuildConfiguration;
			buildSettings = {
				ALWAYS_EMBED_SWIFT_STANDARD_LIBRARIES = YES;
				BUNDLE_LOADER = "$(TEST_HOST)";
				CODE_SIGN_STYLE = Automatic;
				CURRENT_PROJECT_VERSION = 1;
				DEVELOPMENT_TEAM = 9TAXVQDQJU;
				GENERATE_INFOPLIST_FILE = YES;
				IPHONEOS_DEPLOYMENT_TARGET = 17.0;
				MARKETING_VERSION = 1.0;
				PRODUCT_BUNDLE_IDENTIFIER = MrProFox.PelisGoTests;
				PRODUCT_NAME = "$(TARGET_NAME)";
				SWIFT_EMIT_LOC_STRINGS = NO;
				SWIFT_VERSION = 5.0;
				TARGETED_DEVICE_FAMILY = "1,2";
				TEST_HOST = "$(BUILT_PRODUCTS_DIR)/PelisGo.app/$(BUNDLE_EXECUTABLE_FOLDER_PATH)/PelisGo";
			};
			name = Debug;
		};
		27D962162B0FC7570037BD38 /* Release */ = {
			isa = XCBuildConfiguration;
			buildSettings = {
				ALWAYS_EMBED_SWIFT_STANDARD_LIBRARIES = YES;
				BUNDLE_LOADER = "$(TEST_HOST)";
				CODE_SIGN_STYLE = Automatic;
				CURRENT_PROJECT_VERSION = 1;
				DEVELOPMENT_TEAM = 9TAXVQDQJU;
				GENERATE_INFOPLIST_FILE = YES;
				IPHONEOS_DEPLOYMENT_TARGET = 17.0;
				MARKETING_VERSION = 1.0;
				PRODUCT_BUNDLE_IDENTIFIER = MrProFox.PelisGoTests;
				PRODUCT_NAME = "$(TARGET_NAME)";
				SWIFT_EMIT_LOC_STRINGS = NO;
				SWIFT_VERSION = 5.0;
				TARGETED_DEVICE_FAMILY = "1,2";
				TEST_HOST = "$(BUILT_PRODUCTS_DIR)/PelisGo.app/$(BUNDLE_EXECUTABLE_FOLDER_PATH)/PelisGo";
			};
			name = Release;
		};
		27D962182B0FC7570037BD38 /* Debug */ = {
			isa = XCBuildConfiguration;
			buildSettings = {
				ALWAYS_EMBED_SWIFT_STANDARD_LIBRARIES = YES;
				CODE_SIGN_STYLE = Automatic;
				CURRENT_PROJECT_VERSION = 1;
				DEVELOPMENT_TEAM = 9TAXVQDQJU;
				GENERATE_INFOPLIST_FILE = YES;
				MARKETING_VERSION = 1.0;
				PRODUCT_BUNDLE_IDENTIFIER = MrProFox.PelisGoUITests;
				PRODUCT_NAME = "$(TARGET_NAME)";
				SWIFT_EMIT_LOC_STRINGS = NO;
				SWIFT_VERSION = 5.0;
				TARGETED_DEVICE_FAMILY = "1,2";
				TEST_TARGET_NAME = PelisGo;
			};
			name = Debug;
		};
		27D962192B0FC7570037BD38 /* Release */ = {
			isa = XCBuildConfiguration;
			buildSettings = {
				ALWAYS_EMBED_SWIFT_STANDARD_LIBRARIES = YES;
				CODE_SIGN_STYLE = Automatic;
				CURRENT_PROJECT_VERSION = 1;
				DEVELOPMENT_TEAM = 9TAXVQDQJU;
				GENERATE_INFOPLIST_FILE = YES;
				MARKETING_VERSION = 1.0;
				PRODUCT_BUNDLE_IDENTIFIER = MrProFox.PelisGoUITests;
				PRODUCT_NAME = "$(TARGET_NAME)";
				SWIFT_EMIT_LOC_STRINGS = NO;
				SWIFT_VERSION = 5.0;
				TARGETED_DEVICE_FAMILY = "1,2";
				TEST_TARGET_NAME = PelisGo;
			};
			name = Release;
		};
/* End XCBuildConfiguration section */

/* Begin XCConfigurationList section */
		27D961E32B0FC7560037BD38 /* Build configuration list for PBXProject "PelisGo" */ = {
			isa = XCConfigurationList;
			buildConfigurations = (
				27D9620F2B0FC7570037BD38 /* Debug */,
				27D962102B0FC7570037BD38 /* Release */,
			);
			defaultConfigurationIsVisible = 0;
			defaultConfigurationName = Release;
		};
		27D962112B0FC7570037BD38 /* Build configuration list for PBXNativeTarget "PelisGo" */ = {
			isa = XCConfigurationList;
			buildConfigurations = (
				27D962122B0FC7570037BD38 /* Debug */,
				27D962132B0FC7570037BD38 /* Release */,
			);
			defaultConfigurationIsVisible = 0;
			defaultConfigurationName = Release;
		};
		27D962142B0FC7570037BD38 /* Build configuration list for PBXNativeTarget "PelisGoTests" */ = {
			isa = XCConfigurationList;
			buildConfigurations = (
				27D962152B0FC7570037BD38 /* Debug */,
				27D962162B0FC7570037BD38 /* Release */,
			);
			defaultConfigurationIsVisible = 0;
			defaultConfigurationName = Release;
		};
		27D962172B0FC7570037BD38 /* Build configuration list for PBXNativeTarget "PelisGoUITests" */ = {
			isa = XCConfigurationList;
			buildConfigurations = (
				27D962182B0FC7570037BD38 /* Debug */,
				27D962192B0FC7570037BD38 /* Release */,
			);
			defaultConfigurationIsVisible = 0;
			defaultConfigurationName = Release;
		};
/* End XCConfigurationList section */

/* Begin XCVersionGroup section */
		27D961F62B0FC7570037BD38 /* PelisGo.xcdatamodeld */ = {
			isa = XCVersionGroup;
			children = (
				27D961F72B0FC7570037BD38 /* PelisGo.xcdatamodel */,
			);
			currentVersion = 27D961F72B0FC7570037BD38 /* PelisGo.xcdatamodel */;
			path = PelisGo.xcdatamodeld;
			sourceTree = "<group>";
			versionGroupType = wrapper.xcdatamodel;
		};
/* End XCVersionGroup section */
	};
	rootObject = 27D961E02B0FC7560037BD38 /* Project object */;
}
